# This file is automatically @generated by Cargo.
# It is not intended for manual editing.
[[package]]
name = "blackd-client"
version = "0.0.1"
dependencies = [
 "minreq",
]

[[package]]
name = "minreq"
version = "2.3.1"
source = "registry+https://github.com/rust-lang/crates.io-index"
checksum = "781e56f7d29192378f0a04948b1e6aec67ce561273b2dd26ac510bbe88d7be70"
